{
  "version": 4,
  "terraform_version": "1.8.4",
  "serial": 27,
  "lineage": "e05c60c9-cf06-28f1-649b-bbd3b48b38b2",
  "outputs": {},
  "resources": [
    {
      "mode": "managed",
      "type": "local_file",
      "name": "pet",
      "provider": "provider[\"registry.terraform.io/hashicorp/local\"]",
      "instances": [
        {
          "schema_version": 0,
          "attributes": {
            "content": " i am in hyd",
            "content_base64": null,
            "content_base64sha256": "r0VMZmwEemIE/J/pmrFg4zyyOCJBX2rXU7xAcGGeHY0=",
            "content_base64sha512": "DfDXPsUHxDcji9kem5oWCprBDM62v9rUZZuD70cxMeRQr29mWwzd9YsFDc0Il8v74uQBdxO+cB1fAyoKGYDtrA==",
            "content_md5": "b7f0985ddca6c99d0e53bfa50c507870",
            "content_sha1": "ae04db39c7d16c6a6a5fc66ca1bb82bb6fe734f0",
            "content_sha256": "af454c666c047a6204fc9fe99ab160e33cb23822415f6ad753bc4070619e1d8d",
            "content_sha512": "0df0d73ec507c437238bd91e9b9a160a9ac10cceb6bfdad4659b83ef473131e450af6f665b0cddf58b050dcd0897cbfbe2e4017713be701d5f032a0a1980edac",
            "directory_permission": "0777",
            "file_permission": "0777",
            "filename": "india.txt",
            "id": "ae04db39c7d16c6a6a5fc66ca1bb82bb6fe734f0",
            "sensitive_content": null,
            "source": null
          },
          "sensitive_attributes": [
            [
              {
                "type": "get_attr",
                "value": "sensitive_content"
              }
            ]
          ]
        }
      ]
    },
    {
      "mode": "managed",
      "type": "random_pet",
      "name": "mypet",
      "provider": "provider[\"registry.terraform.io/hashicorp/random\"]",
      "instances": [
        {
          "schema_version": 0,
          "attributes": {
            "id": "ak-aware-falcon",
            "keepers": null,
            "length": 2,
            "prefix": "ak",
            "separator": "-"
          },
          "sensitive_attributes": []
        }
      ]
    }
  ],
  "check_results": null
}
